// !$*UTF8*$!
{
	archiveVersion = 1;
	classes = {
	};
	objectVersion = 46;
	objects = {

/* Begin PBXBuildFile section */
		D12D7E7C1BD95ECC005A9949 /* AppDelegate.swift in Sources */ = {isa = PBXBuildFile; fileRef = D12D7E7B1BD95ECC005A9949 /* AppDelegate.swift */; };
		D12D7E7E1BD95ECC005A9949 /* ViewController.swift in Sources */ = {isa = PBXBuildFile; fileRef = D12D7E7D1BD95ECC005A9949 /* ViewController.swift */; };
		D12D7E811BD95ECC005A9949 /* Main.storyboard in Resources */ = {isa = PBXBuildFile; fileRef = D12D7E7F1BD95ECC005A9949 /* Main.storyboard */; };
		D12D7E831BD95ECC005A9949 /* Assets.xcassets in Resources */ = {isa = PBXBuildFile; fileRef = D12D7E821BD95ECC005A9949 /* Assets.xcassets */; };
		D12D7E861BD95ECC005A9949 /* LaunchScreen.storyboard in Resources */ = {isa = PBXBuildFile; fileRef = D12D7E841BD95ECC005A9949 /* LaunchScreen.storyboard */; };
		D12D7E911BD95ECC005A9949 /* MailboxTests.swift in Sources */ = {isa = PBXBuildFile; fileRef = D12D7E901BD95ECC005A9949 /* MailboxTests.swift */; };
		D12D7E9C1BD95ECC005A9949 /* MailboxUITests.swift in Sources */ = {isa = PBXBuildFile; fileRef = D12D7E9B1BD95ECC005A9949 /* MailboxUITests.swift */; };
		D12D7EAA1BD95FFB005A9949 /* MailboxViewController.swift in Sources */ = {isa = PBXBuildFile; fileRef = D12D7EA91BD95FFB005A9949 /* MailboxViewController.swift */; settings = {ASSET_TAGS = (); }; };
		D1B2423E1BDC64D30037AE51 /* Mailbox.gif in Resources */ = {isa = PBXBuildFile; fileRef = D1B2423D1BDC64D30037AE51 /* Mailbox.gif */; settings = {ASSET_TAGS = (); }; };
/* End PBXBuildFile section */

/* Begin PBXContainerItemProxy section */
		D12D7E8D1BD95ECC005A9949 /* PBXContainerItemProxy */ = {
			isa = PBXContainerItemProxy;
			containerPortal = D12D7E701BD95ECC005A9949 /* Project object */;
			proxyType = 1;
			remoteGlobalIDString = D12D7E771BD95ECC005A9949;
			remoteInfo = Mailbox;
		};
		D12D7E981BD95ECC005A9949 /* PBXContainerItemProxy */ = {
			isa = PBXContainerItemProxy;
			containerPortal = D12D7E701BD95ECC005A9949 /* Project object */;
			proxyType = 1;
			remoteGlobalIDString = D12D7E771BD95ECC005A9949;
			remoteInfo = Mailbox;
		};
/* End PBXContainerItemProxy section */

/* Begin PBXFileReference section */
		D12D7E781BD95ECC005A9949 /* Mailbox.app */ = {isa = PBXFileReference; explicitFileType = wrapper.application; includeInIndex = 0; path = Mailbox.app; sourceTree = BUILT_PRODUCTS_DIR; };
		D12D7E7B1BD95ECC005A9949 /* AppDelegate.swift */ = {isa = PBXFileReference; lastKnownFileType = sourcecode.swift; path = AppDelegate.swift; sourceTree = "<group>"; };
		D12D7E7D1BD95ECC005A9949 /* ViewController.swift */ = {isa = PBXFileReference; lastKnownFileType = sourcecode.swift; path = ViewController.swift; sourceTree = "<group>"; };
		D12D7E801BD95ECC005A9949 /* Base */ = {isa = PBXFileReference; lastKnownFileType = file.storyboard; name = Base; path = Base.lproj/Main.storyboard; sourceTree = "<group>"; };
		D12D7E821BD95ECC005A9949 /* Assets.xcassets */ = {isa = PBXFileReference; lastKnownFileType = folder.assetcatalog; path = Assets.xcassets; sourceTree = "<group>"; };
		D12D7E851BD95ECC005A9949 /* Base */ = {isa = PBXFileReference; lastKnownFileType = file.storyboard; name = Base; path = Base.lproj/LaunchScreen.storyboard; sourceTree = "<group>"; };
		D12D7E871BD95ECC005A9949 /* Info.plist */ = {isa = PBXFileReference; lastKnownFileType = text.plist.xml; path = Info.plist; sourceTree = "<group>"; };
		D12D7E8C1BD95ECC005A9949 /* MailboxTests.xctest */ = {isa = PBXFileReference; explicitFileType = wrapper.cfbundle; includeInIndex = 0; path = MailboxTests.xctest; sourceTree = BUILT_PRODUCTS_DIR; };
		D12D7E901BD95ECC005A9949 /* MailboxTests.swift */ = {isa = PBXFileReference; lastKnownFileType = sourcecode.swift; path = MailboxTests.swift; sourceTree = "<group>"; };
		D12D7E921BD95ECC005A9949 /* Info.plist */ = {isa = PBXFileReference; lastKnownFileType = text.plist.xml; path = Info.plist; sourceTree = "<group>"; };
		D12D7E971BD95ECC005A9949 /* MailboxUITests.xctest */ = {isa = PBXFileReference; explicitFileType = wrapper.cfbundle; includeInIndex = 0; path = MailboxUITests.xctest; sourceTree = BUILT_PRODUCTS_DIR; };
		D12D7E9B1BD95ECC005A9949 /* MailboxUITests.swift */ = {isa = PBXFileReference; lastKnownFileType = sourcecode.swift; path = MailboxUITests.swift; sourceTree = "<group>"; };
		D12D7E9D1BD95ECC005A9949 /* Info.plist */ = {isa = PBXFileReference; lastKnownFileType = text.plist.xml; path = Info.plist; sourceTree = "<group>"; };
		D12D7EA91BD95FFB005A9949 /* MailboxViewController.swift */ = {isa = PBXFileReference; fileEncoding = 4; lastKnownFileType = sourcecode.swift; path = MailboxViewController.swift; sourceTree = "<group>"; };
		D1B2423D1BDC64D30037AE51 /* Mailbox.gif */ = {isa = PBXFileReference; lastKnownFileType = image.gif; name = Mailbox.gif; path = Mailbox/Mailbox.gif; sourceTree = "<group>"; };
/* End PBXFileReference section */

/* Begin PBXFrameworksBuildPhase section */
		D12D7E751BD95ECC005A9949 /* Frameworks */ = {
			isa = PBXFrameworksBuildPhase;
			buildActionMask = 2147483647;
			files = (
			);
			runOnlyForDeploymentPostprocessing = 0;
		};
		D12D7E891BD95ECC005A9949 /* Frameworks */ = {
			isa = PBXFrameworksBuildPhase;
			buildActionMask = 2147483647;
			files = (
			);
			runOnlyForDeploymentPostprocessing = 0;
		};
		D12D7E941BD95ECC005A9949 /* Frameworks */ = {
			isa = PBXFrameworksBuildPhase;
			buildActionMask = 2147483647;
			files = (
			);
			runOnlyForDeploymentPostprocessing = 0;
		};
/* End PBXFrameworksBuildPhase section */

/* Begin PBXGroup section */
		D12D7E6F1BD95ECC005A9949 = {
			isa = PBXGroup;
			children = (
				D1B2423D1BDC64D30037AE51 /* Mailbox.gif */,
				D12D7E7A1BD95ECC005A9949 /* Mailbox */,
				D12D7E8F1BD95ECC005A9949 /* MailboxTests */,
				D12D7E9A1BD95ECC005A9949 /* MailboxUITests */,
				D12D7E791BD95ECC005A9949 /* Products */,
			);
			sourceTree = "<group>";
		};
		D12D7E791BD95ECC005A9949 /* Products */ = {
			isa = PBXGroup;
			children = (
				D12D7E781BD95ECC005A9949 /* Mailbox.app */,
				D12D7E8C1BD95ECC005A9949 /* MailboxTests.xctest */,
				D12D7E971BD95ECC005A9949 /* MailboxUITests.xctest */,
			);
			name = Products;
			sourceTree = "<group>";
		};
		D12D7E7A1BD95ECC005A9949 /* Mailbox */ = {
			isa = PBXGroup;
			children = (
				D12D7E7B1BD95ECC005A9949 /* AppDelegate.swift */,
				D12D7EA91BD95FFB005A9949 /* MailboxViewController.swift */,
				D12D7E7D1BD95ECC005A9949 /* ViewController.swift */,
				D12D7E7F1BD95ECC005A9949 /* Main.storyboard */,
				D12D7E821BD95ECC005A9949 /* Assets.xcassets */,
				D12D7E841BD95ECC005A9949 /* LaunchScreen.storyboard */,
				D12D7E871BD95ECC005A9949 /* Info.plist */,
			);
			path = Mailbox;
			sourceTree = "<group>";
		};
		D12D7E8F1BD95ECC005A9949 /* MailboxTests */ = {
			isa = PBXGroup;
			children = (
				D12D7E901BD95ECC005A9949 /* MailboxTests.swift */,
				D12D7E921BD95ECC005A9949 /* Info.plist */,
			);
			path = MailboxTests;
			sourceTree = "<group>";
		};
		D12D7E9A1BD95ECC005A9949 /* MailboxUITests */ = {
			isa = PBXGroup;
			children = (
				D12D7E9B1BD95ECC005A9949 /* MailboxUITests.swift */,
				D12D7E9D1BD95ECC005A9949 /* Info.plist */,
			);
			path = MailboxUITests;
			sourceTree = "<group>";
		};
/* End PBXGroup section */

/* Begin PBXNativeTarget section */
		D12D7E771BD95ECC005A9949 /* Mailbox */ = {
			isa = PBXNativeTarget;
			buildConfigurationList = D12D7EA01BD95ECC005A9949 /* Build configuration list for PBXNativeTarget "Mailbox" */;
			buildPhases = (
				D12D7E741BD95ECC005A9949 /* Sources */,
				D12D7E751BD95ECC005A9949 /* Frameworks */,
				D12D7E761BD95ECC005A9949 /* Resources */,
			);
			buildRules = (
			);
			dependencies = (
			);
			name = Mailbox;
			productName = Mailbox;
			productReference = D12D7E781BD95ECC005A9949 /* Mailbox.app */;
			productType = "com.apple.product-type.application";
		};
		D12D7E8B1BD95ECC005A9949 /* MailboxTests */ = {
			isa = PBXNativeTarget;
			buildConfigurationList = D12D7EA31BD95ECC005A9949 /* Build configuration list for PBXNativeTarget "MailboxTests" */;
			buildPhases = (
				D12D7E881BD95ECC005A9949 /* Sources */,
				D12D7E891BD95ECC005A9949 /* Frameworks */,
				D12D7E8A1BD95ECC005A9949 /* Resources */,
			);
			buildRules = (
			);
			dependencies = (
				D12D7E8E1BD95ECC005A9949 /* PBXTargetDependency */,
			);
			name = MailboxTests;
			productName = MailboxTests;
			productReference = D12D7E8C1BD95ECC005A9949 /* MailboxTests.xctest */;
			productType = "com.apple.product-type.bundle.unit-test";
		};
		D12D7E961BD95ECC005A9949 /* MailboxUITests */ = {
			isa = PBXNativeTarget;
			buildConfigurationList = D12D7EA61BD95ECC005A9949 /* Build configuration list for PBXNativeTarget "MailboxUITests" */;
			buildPhases = (
				D12D7E931BD95ECC005A9949 /* Sources */,
				D12D7E941BD95ECC005A9949 /* Frameworks */,
				D12D7E951BD95ECC005A9949 /* Resources */,
			);
			buildRules = (
			);
			dependencies = (
				D12D7E991BD95ECC005A9949 /* PBXTargetDependency */,
			);
			name = MailboxUITests;
			productName = MailboxUITests;
			productReference = D12D7E971BD95ECC005A9949 /* MailboxUITests.xctest */;
			productType = "com.apple.product-type.bundle.ui-testing";
		};
/* End PBXNativeTarget section */

/* Begin PBXProject section */
		D12D7E701BD95ECC005A9949 /* Project object */ = {
			isa = PBXProject;
			attributes = {
				LastUpgradeCheck = 0700;
				ORGANIZATIONNAME = "Carolyn Yang";
				TargetAttributes = {
					D12D7E771BD95ECC005A9949 = {
						CreatedOnToolsVersion = 7.0.1;
						DevelopmentTeam = DR9A8D889P;
					};
					D12D7E8B1BD95ECC005A9949 = {
						CreatedOnToolsVersion = 7.0.1;
						DevelopmentTeam = DR9A8D889P;
						TestTargetID = D12D7E771BD95ECC005A9949;
					};
					D12D7E961BD95ECC005A9949 = {
						CreatedOnToolsVersion = 7.0.1;
						DevelopmentTeam = DR9A8D889P;
						TestTargetID = D12D7E771BD95ECC005A9949;
					};
				};
			};
			buildConfigurationList = D12D7E731BD95ECC005A9949 /* Build configuration list for PBXProject "Mailbox" */;
			compatibilityVersion = "Xcode 3.2";
			developmentRegion = English;
			hasScannedForEncodings = 0;
			knownRegions = (
				en,
				Base,
			);
			mainGroup = D12D7E6F1BD95ECC005A9949;
			productRefGroup = D12D7E791BD95ECC005A9949 /* Products */;
			projectDirPath = "";
			projectRoot = "";
			targets = (
				D12D7E771BD95ECC005A9949 /* Mailbox */,
				D12D7E8B1BD95ECC005A9949 /* MailboxTests */,
				D12D7E961BD95ECC005A9949 /* MailboxUITests */,
			);
		};
/* End PBXProject section */

/* Begin PBXResourcesBuildPhase section */
		D12D7E761BD95ECC005A9949 /* Resources */ = {
			isa = PBXResourcesBuildPhase;
			buildActionMask = 2147483647;
			files = (
				D12D7E861BD95ECC005A9949 /* LaunchScreen.storyboard in Resources */,
				D12D7E831BD95ECC005A9949 /* Assets.xcassets in Resources */,
				D12D7E811BD95ECC005A9949 /* Main.storyboard in Resources */,
				D1B2423E1BDC64D30037AE51 /* Mailbox.gif in Resources */,
			);
			runOnlyForDeploymentPostprocessing = 0;
		};
		D12D7E8A1BD95ECC005A9949 /* Resources */ = {
			isa = PBXResourcesBuildPhase;
			buildActionMask = 2147483647;
			files = (
			);
			runOnlyForDeploymentPostprocessing = 0;
		};
		D12D7E951BD95ECC005A9949 /* Resources */ = {
			isa = PBXResourcesBuildPhase;
			buildActionMask = 2147483647;
			files = (
			);
			runOnlyForDeploymentPostprocessing = 0;
		};
/* End PBXResourcesBuildPhase section */

/* Begin PBXSourcesBuildPhase section */
		D12D7E741BD95ECC005A9949 /* Sources */ = {
			isa = PBXSourcesBuildPhase;
			buildActionMask = 2147483647;
			files = (
				D12D7E7E1BD95ECC005A9949 /* ViewController.swift in Sources */,
				D12D7E7C1BD95ECC005A9949 /* AppDelegate.swift in Sources */,
				D12D7EAA1BD95FFB005A9949 /* MailboxViewController.swift in Sources */,
			);
			runOnlyForDeploymentPostprocessing = 0;
		};
		D12D7E881BD95ECC005A9949 /* Sources */ = {
			isa = PBXSourcesBuildPhase;
			buildActionMask = 2147483647;
			files = (
				D12D7E911BD95ECC005A9949 /* MailboxTests.swift in Sources */,
			);
			runOnlyForDeploymentPostprocessing = 0;
		};
		D12D7E931BD95ECC005A9949 /* Sources */ = {
			isa = PBXSourcesBuildPhase;
			buildActionMask = 2147483647;
			files = (
				D12D7E9C1BD95ECC005A9949 /* MailboxUITests.swift in Sources */,
			);
			runOnlyForDeploymentPostprocessing = 0;
		};
/* End PBXSourcesBuildPhase section */

/* Begin PBXTargetDependency section */
		D12D7E8E1BD95ECC005A9949 /* PBXTargetDependency */ = {
			isa = PBXTargetDependency;
			target = D12D7E771BD95ECC005A9949 /* Mailbox */;
			targetProxy = D12D7E8D1BD95ECC005A9949 /* PBXContainerItemProxy */;
		};
		D12D7E991BD95ECC005A9949 /* PBXTargetDependency */ = {
			isa = PBXTargetDependency;
			target = D12D7E771BD95ECC005A9949 /* Mailbox */;
			targetProxy = D12D7E981BD95ECC005A9949 /* PBXContainerItemProxy */;
		};
/* End PBXTargetDependency section */

/* Begin PBXVariantGroup section */
		D12D7E7F1BD95ECC005A9949 /* Main.storyboard */ = {
			isa = PBXVariantGroup;
			children = (
				D12D7E801BD95ECC005A9949 /* Base */,
			);
			name = Main.storyboard;
			sourceTree = "<group>";
		};
		D12D7E841BD95ECC005A9949 /* LaunchScreen.storyboard */ = {
			isa = PBXVariantGroup;
			children = (
				D12D7E851BD95ECC005A9949 /* Base */,
			);
			name = LaunchScreen.storyboard;
			sourceTree = "<group>";
		};
/* End PBXVariantGroup section */

/* Begin XCBuildConfiguration section */
		D12D7E9E1BD95ECC005A9949 /* Debug */ = {
			isa = XCBuildConfiguration;
			buildSettings = {
				ALWAYS_SEARCH_USER_PATHS = NO;
				CLANG_CXX_LANGUAGE_STANDARD = "gnu++0x";
				CLANG_CXX_LIBRARY = "libc++";
				CLANG_ENABLE_MODULES = YES;
				CLANG_ENABLE_OBJC_ARC = YES;
				CLANG_WARN_BOOL_CONVERSION = YES;
				CLANG_WARN_CONSTANT_CONVERSION = YES;
				CLANG_WARN_DIRECT_OBJC_ISA_USAGE = YES_ERROR;
				CLANG_WARN_EMPTY_BODY = YES;
				CLANG_WARN_ENUM_CONVERSION = YES;
				CLANG_WARN_INT_CONVERSION = YES;
				CLANG_WARN_OBJC_ROOT_CLASS = YES_ERROR;
				CLANG_WARN_UNREACHABLE_CODE = YES;
				CLANG_WARN__DUPLICATE_METHOD_MATCH = YES;
				"CODE_SIGN_IDENTITY[sdk=iphoneos*]" = "iPhone Developer";
				COPY_PHASE_STRIP = NO;
				DEBUG_INFORMATION_FORMAT = dwarf;
				ENABLE_STRICT_OBJC_MSGSEND = YES;
				ENABLE_TESTABILITY = YES;
				GCC_C_LANGUAGE_STANDARD = gnu99;
				GCC_DYNAMIC_NO_PIC = NO;
				GCC_NO_COMMON_BLOCKS = YES;
				GCC_OPTIMIZATION_LEVEL = 0;
				GCC_PREPROCESSOR_DEFINITIONS = (
					"DEBUG=1",
					"$(inherited)",
				);
				GCC_WARN_64_TO_32_BIT_CONVERSION = YES;
				GCC_WARN_ABOUT_RETURN_TYPE = YES_ERROR;
				GCC_WARN_UNDECLARED_SELECTOR = YES;
				GCC_WARN_UNINITIALIZED_AUTOS = YES_AGGRESSIVE;
				GCC_WARN_UNUSED_FUNCTION = YES;
				GCC_WARN_UNUSED_VARIABLE = YES;
				IPHONEOS_DEPLOYMENT_TARGET = 9.0;
				MTL_ENABLE_DEBUG_INFO = YES;
				ONLY_ACTIVE_ARCH = YES;
				SDKROOT = iphoneos;
				SWIFT_OPTIMIZATION_LEVEL = "-Onone";
			};
			name = Debug;
		};
		D12D7E9F1BD95ECC005A9949 /* Release */ = {
			isa = XCBuildConfiguration;
			buildSettings = {
				ALWAYS_SEARCH_USER_PATHS = NO;
				CLANG_CXX_LANGUAGE_STANDARD = "gnu++0x";
				CLANG_CXX_LIBRARY = "libc++";
				CLANG_ENABLE_MODULES = YES;
				CLANG_ENABLE_OBJC_ARC = YES;
				CLANG_WARN_BOOL_CONVERSION = YES;
				CLANG_WARN_CONSTANT_CONVERSION = YES;
				CLANG_WARN_DIRECT_OBJC_ISA_USAGE = YES_ERROR;
				CLANG_WARN_EMPTY_BODY = YES;
				CLANG_WARN_ENUM_CONVERSION = YES;
				CLANG_WARN_INT_CONVERSION = YES;
				CLANG_WARN_OBJC_ROOT_CLASS = YES_ERROR;
				CLANG_WARN_UNREACHABLE_CODE = YES;
				CLANG_WARN__DUPLICATE_METHOD_MATCH = YES;
				"CODE_SIGN_IDENTITY[sdk=iphoneos*]" = "iPhone Developer";
				COPY_PHASE_STRIP = NO;
				DEBUG_INFORMATION_FORMAT = "dwarf-with-dsym";
				ENABLE_NS_ASSERTIONS = NO;
				ENABLE_STRICT_OBJC_MSGSEND = YES;
				GCC_C_LANGUAGE_STANDARD = gnu99;
				GCC_NO_COMMON_BLOCKS = YES;
				GCC_WARN_64_TO_32_BIT_CONVERSION = YES;
				GCC_WARN_ABOUT_RETURN_TYPE = YES_ERROR;
				GCC_WARN_UNDECLARED_SELECTOR = YES;
				GCC_WARN_UNINITIALIZED_AUTOS = YES_AGGRESSIVE;
				GCC_WARN_UNUSED_FUNCTION = YES;
				GCC_WARN_UNUSED_VARIABLE = YES;
				IPHONEOS_DEPLOYMENT_TARGET = 9.0;
				MTL_ENABLE_DEBUG_INFO = NO;
				SDKROOT = iphoneos;
				VALIDATE_PRODUCT = YES;
			};
			name = Release;
		};
		D12D7EA11BD95ECC005A9949 /* Debug */ = {
			isa = XCBuildConfiguration;
			buildSettings = {
				ASSETCATALOG_COMPILER_APPICON_NAME = AppIcon;
				INFOPLIST_FILE = Mailbox/Info.plist;
				LD_RUNPATH_SEARCH_PATHS = "$(inherited) @executable_path/Frameworks";
				PRODUCT_BUNDLE_IDENTIFIER = "Carolyn-Yang.Mailbox";
				PRODUCT_NAME = "$(TARGET_NAME)";
			};
			name = Debug;
		};
		D12D7EA21BD95ECC005A9949 /* Release */ = {
			isa = XCBuildConfiguration;
			buildSettings = {
				ASSETCATALOG_COMPILER_APPICON_NAME = AppIcon;
				INFOPLIST_FILE = Mailbox/Info.plist;
				LD_RUNPATH_SEARCH_PATHS = "$(inherited) @executable_path/Frameworks";
				PRODUCT_BUNDLE_IDENTIFIER = "Carolyn-Yang.Mailbox";
				PRODUCT_NAME = "$(TARGET_NAME)";
			};
			name = Release;
		};
		D12D7EA41BD95ECC005A9949 /* Debug */ = {
			isa = XCBuildConfiguration;
			buildSettings = {
				BUNDLE_LOADER = "$(TEST_HOST)";
				INFOPLIST_FILE = MailboxTests/Info.plist;
				LD_RUNPATH_SEARCH_PATHS = "$(inherited) @executable_path/Frameworks @loader_path/Frameworks";
				PRODUCT_BUNDLE_IDENTIFIER = "Carolyn-Yang.MailboxTests";
				PRODUCT_NAME = "$(TARGET_NAME)";
				TEST_HOST = "$(BUILT_PRODUCTS_DIR)/Mailbox.app/Mailbox";
			};
			name = Debug;
		};
		D12D7EA51BD95ECC005A9949 /* Release */ = {
			isa = XCBuildConfiguration;
			buildSettings = {
				BUNDLE_LOADER = "$(TEST_HOST)";
				INFOPLIST_FILE = MailboxTests/Info.plist;
				LD_RUNPATH_SEARCH_PATHS = "$(inherited) @executable_path/Frameworks @loader_path/Frameworks";
				PRODUCT_BUNDLE_IDENTIFIER = "Carolyn-Yang.MailboxTests";
				PRODUCT_NAME = "$(TARGET_NAME)";
				TEST_HOST = "$(BUILT_PRODUCTS_DIR)/Mailbox.app/Mailbox";
			};
			name = Release;
		};
		D12D7EA71BD95ECC005A9949 /* Debug */ = {
			isa = XCBuildConfiguration;
			buildSettings = {
				INFOPLIST_FILE = MailboxUITests/Info.plist;
				LD_RUNPATH_SEARCH_PATHS = "$(inherited) @executable_path/Frameworks @loader_path/Frameworks";
				PRODUCT_BUNDLE_IDENTIFIER = "Carolyn-Yang.MailboxUITests";
				PRODUCT_NAME = "$(TARGET_NAME)";
				TEST_TARGET_NAME = Mailbox;
				USES_XCTRUNNER = YES;
			};
			name = Debug;
		};
		D12D7EA81BD95ECC005A9949 /* Release */ = {
			isa = XCBuildConfiguration;
			buildSettings = {
				INFOPLIST_FILE = MailboxUITests/Info.plist;
				LD_RUNPATH_SEARCH_PATHS = "$(inherited) @executable_path/Frameworks @loader_path/Frameworks";
				PRODUCT_BUNDLE_IDENTIFIER = "Carolyn-Yang.MailboxUITests";
				PRODUCT_NAME = "$(TARGET_NAME)";
				TEST_TARGET_NAME = Mailbox;
				USES_XCTRUNNER = YES;
			};
			name = Release;
		};
/* End XCBuildConfiguration section */

/* Begin XCConfigurationList section */
		D12D7E731BD95ECC005A9949 /* Build configuration list for PBXProject "Mailbox" */ = {
			isa = XCConfigurationList;
			buildConfigurations = (
				D12D7E9E1BD95ECC005A9949 /* Debug */,
				D12D7E9F1BD95ECC005A9949 /* Release */,
			);
			defaultConfigurationIsVisible = 0;
			defaultConfigurationName = Release;
		};
		D12D7EA01BD95ECC005A9949 /* Build configuration list for PBXNativeTarget "Mailbox" */ = {
			isa = XCConfigurationList;
			buildConfigurations = (
				D12D7EA11BD95ECC005A9949 /* Debug */,
				D12D7EA21BD95ECC005A9949 /* Release */,
			);
			defaultConfigurationIsVisible = 0;
			defaultConfigurationName = Release;
		};
		D12D7EA31BD95ECC005A9949 /* Build configuration list for PBXNativeTarget "MailboxTests" */ = {
			isa = XCConfigurationList;
			buildConfigurations = (
				D12D7EA41BD95ECC005A9949 /* Debug */,
				D12D7EA51BD95ECC005A9949 /* Release */,
			);
			defaultConfigurationIsVisible = 0;
			defaultConfigurationName = Release;
		};
		D12D7EA61BD95ECC005A9949 /* Build configuration list for PBXNativeTarget "MailboxUITests" */ = {
			isa = XCConfigurationList;
			buildConfigurations = (
				D12D7EA71BD95ECC005A9949 /* Debug */,
				D12D7EA81BD95ECC005A9949 /* Release */,
			);
			defaultConfigurationIsVisible = 0;
			defaultConfigurationName = Release;
		};
/* End XCConfigurationList section */
	};
	rootObject = D12D7E701BD95ECC005A9949 /* Project object */;
}
